// !$*UTF8*$!
{
	archiveVersion = 1;
	classes = {
	};
	objectVersion = 46;
	objects = {
/* Begin PBXBuildFile section */
		0207DA581B56EA530066E2B4 /* Images.xcassets in Resources */ = {isa = PBXBuildFile; fileRef = 0207DA571B56EA530066E2B4 /* Images.xcassets */; };
		1D3623260D0F684500981E51 /* AppDelegate.m in Sources */ = {isa = PBXBuildFile; fileRef = 1D3623250D0F684500981E51 /* AppDelegate.m */; };
		1D60589B0D05DD56006BFB54 /* main.m in Sources */ = {isa = PBXBuildFile; fileRef = 29B97316FDCFA39411CA2CEA /* main.m */; };
		301BF552109A68D80062928A /* libCordova.a in Frameworks */ = {isa = PBXBuildFile; fileRef = 301BF535109A57CC0062928A /* libCordova.a */; };
		302D95F114D2391D003F00A1 /* MainViewController.m in Sources */ = {isa = PBXBuildFile; fileRef = 302D95EF14D2391D003F00A1 /* MainViewController.m */; };
		302D95F214D2391D003F00A1 /* MainViewController.xib in Resources */ = {isa = PBXBuildFile; fileRef = 302D95F014D2391D003F00A1 /* MainViewController.xib */; };
		3047A5121AB8059700498E2A /* build-debug.xcconfig in Resources */ = {isa = PBXBuildFile; fileRef = 3047A50F1AB8059700498E2A /* build-debug.xcconfig */; };
		3047A5131AB8059700498E2A /* build-release.xcconfig in Resources */ = {isa = PBXBuildFile; fileRef = 3047A5101AB8059700498E2A /* build-release.xcconfig */; };
		3047A5141AB8059700498E2A /* build.xcconfig in Resources */ = {isa = PBXBuildFile; fileRef = 3047A5111AB8059700498E2A /* build.xcconfig */; };
		6AFF5BF91D6E424B00AB3073 /* CDVLaunchScreen.storyboard in Resources */ = {isa = PBXBuildFile; fileRef = 6AFF5BF81D6E424B00AB3073 /* CDVLaunchScreen.storyboard */; };
		65A1A05F9E84423184C40490 /* CDVLogger.m in Sources */ = {isa = PBXBuildFile; fileRef = 6DDF384E41FE41008D74ADC0 /* CDVLogger.m */; };
		DB86F4909D1A454DB9863CFF /* CDVDevice.m in Sources */ = {isa = PBXBuildFile; fileRef = A3B4C1CE5CDD4E549309DFCC /* CDVDevice.m */; };
		7E55272DEA7B4792BA397248 /* CDVSplashScreen.m in Sources */ = {isa = PBXBuildFile; fileRef = F85BF2203D794FBD924AC872 /* CDVSplashScreen.m */; };
		C309D22984514674B91655CE /* CDVViewController+SplashScreen.m in Sources */ = {isa = PBXBuildFile; fileRef = FFE3144DB9B4454D8B844A2D /* CDVViewController+SplashScreen.m */; };
		CDF90B44025C4FA69CDF2F10 /* CDVStatusBar.m in Sources */ = {isa = PBXBuildFile; fileRef = 2A575141EDC54EB0A9AC2F9A /* CDVStatusBar.m */; };
		8797883ED22F43D389DFB6FD /* IonicKeyboard.m in Sources */ = {isa = PBXBuildFile; fileRef = 08C831148EC443B289D2ED1B /* IonicKeyboard.m */; };
		21DCBD352C1240409C2D6CA8 /* GooglePlus.m in Sources */ = {isa = PBXBuildFile; fileRef = 3334721684E242B7B5E1BFF4 /* GooglePlus.m */; };
		638E17D4B6BD4C05938BE17D /* GoogleAppUtilities.framework in Frameworks */ = {isa = PBXBuildFile; fileRef = 8D242B60C9DC4925BDD17FDD /* GoogleAppUtilities.framework */; };
		860B014F53F34A8FA1201239 /* GoogleAuthUtilities.framework in Frameworks */ = {isa = PBXBuildFile; fileRef = 53CA1DBB3AAA4C47AC9F45F7 /* GoogleAuthUtilities.framework */; };
		DB9C7EBCFFA84824A827CF0B /* GoogleNetworkingUtilities.framework in Frameworks */ = {isa = PBXBuildFile; fileRef = 669E9785544F45D2805D0342 /* GoogleNetworkingUtilities.framework */; };
		5C18C9D57C2E4A978C2085F8 /* GoogleSignIn.framework in Frameworks */ = {isa = PBXBuildFile; fileRef = 9F0D7B6F93EC443DB5EED96F /* GoogleSignIn.framework */; };
		736EA276E46B4369A4434AE6 /* GoogleSymbolUtilities.framework in Frameworks */ = {isa = PBXBuildFile; fileRef = 04FA65A17924498088712BB3 /* GoogleSymbolUtilities.framework */; };
		4F5AA0F9C3D24216BEF715C5 /* GoogleUtilities.framework in Frameworks */ = {isa = PBXBuildFile; fileRef = D76D91795099447191FF7748 /* GoogleUtilities.framework */; };
		55DC6E66B9584FFCA59A5CFA /* AddressBook.framework in Frameworks */ = {isa = PBXBuildFile; fileRef = 9260AD1F7F6B4B5CAC0C977E /* AddressBook.framework */; settings = {ATTRIBUTES = (Weak, ); }; };
		FAD8FF920108477ABF677E3A /* CoreText.framework in Frameworks */ = {isa = PBXBuildFile; fileRef = 312E3CE7A1C8412F8AF83197 /* CoreText.framework */; settings = {ATTRIBUTES = (Weak, ); }; };
		01ABD35790F74AC98BD79CD6 /* SafariServices.framework in Frameworks */ = {isa = PBXBuildFile; fileRef = C3C99AB07C894F2EBA5C0BCD /* SafariServices.framework */; settings = {ATTRIBUTES = (Weak, ); }; };
		A51F625BE6164FDD86FA048F /* Security.framework in Frameworks */ = {isa = PBXBuildFile; fileRef = 090C730C176D4EC1AD57D9CC /* Security.framework */; settings = {ATTRIBUTES = (Weak, ); }; };
		DCE3BDE34B234AABB7708FA5 /* SystemConfiguration.framework in Frameworks */ = {isa = PBXBuildFile; fileRef = EED088E26E1342BE9F42176F /* SystemConfiguration.framework */; settings = {ATTRIBUTES = (Weak, ); }; };
		9D152ACA1B814763B7908FEA /* libz.tbd in Frameworks */ = {isa = PBXBuildFile; fileRef = 5A4A826BCB9D438F9418ABD8 /* libz.tbd */; settings = {ATTRIBUTES = (Weak, ); }; };
		3A98B991CCA54F4593502186 /* libz.dylib in Frameworks */ = {isa = PBXBuildFile; fileRef = B8D8D250DB04486C8E5DE971 /* libz.dylib */; settings = {ATTRIBUTES = (Weak, ); }; };
		C8C7A5E493004F2D8303D321 /* ionic2_restaurant.entitlements in Resources */ = {isa = PBXBuildFile; fileRef = 7C9D1B922C714886859A6CED /* ionic2_restaurant.entitlements */; };
		39BEFD466AED4BDFBA0197FA /* FacebookConnectPlugin.m in Sources */ = {isa = PBXBuildFile; fileRef = A28E3DD27B2443C9B42F6DF1 /* FacebookConnectPlugin.m */; };
		519D8A779FFE4D2BBC7B6F72 /* Bolts.framework in Frameworks */ = {isa = PBXBuildFile; fileRef = D853AEADBD2B4ECE9A2F4DFC /* Bolts.framework */; };
		FCF6C30035C74119B011E276 /* FBSDKCoreKit.framework in Frameworks */ = {isa = PBXBuildFile; fileRef = 5CB0C911B5324F43B959EA42 /* FBSDKCoreKit.framework */; };
		9EC2119B6B284FFDADA56E78 /* FBSDKLoginKit.framework in Frameworks */ = {isa = PBXBuildFile; fileRef = 033BB92E520B493F86D9FA0D /* FBSDKLoginKit.framework */; };
		D4F8AC0CEBA74C308B0C17B8 /* FBSDKShareKit.framework in Frameworks */ = {isa = PBXBuildFile; fileRef = 0EEEB51FF08F4F9DAD34B1E9 /* FBSDKShareKit.framework */; };
/* End PBXBuildFile section */

/* Begin PBXContainerItemProxy section */
		301BF534109A57CC0062928A /* PBXContainerItemProxy */ = {
			isa = PBXContainerItemProxy;
			containerPortal = 301BF52D109A57CC0062928A /* CordovaLib.xcodeproj */;
			proxyType = 2;
			remoteGlobalIDString = D2AAC07E0554694100DB518D;
			remoteInfo = CordovaLib;
		};
		301BF550109A68C00062928A /* PBXContainerItemProxy */ = {
			isa = PBXContainerItemProxy;
			containerPortal = 301BF52D109A57CC0062928A /* CordovaLib.xcodeproj */;
			proxyType = 1;
			remoteGlobalIDString = D2AAC07D0554694100DB518D;
			remoteInfo = CordovaLib;
		};
/* End PBXContainerItemProxy section */

/* Begin PBXFileReference section */
		0207DA571B56EA530066E2B4 /* Images.xcassets */ = {isa = PBXFileReference; lastKnownFileType = folder.assetcatalog; name = Images.xcassets; path = "ionic2_restaurant/Images.xcassets"; sourceTree = SOURCE_ROOT; };
		1D3623240D0F684500981E51 /* AppDelegate.h */ = {isa = PBXFileReference; fileEncoding = 4; lastKnownFileType = sourcecode.c.h; path = AppDelegate.h; sourceTree = "<group>"; };
		1D3623250D0F684500981E51 /* AppDelegate.m */ = {isa = PBXFileReference; fileEncoding = 4; lastKnownFileType = sourcecode.c.objc; path = AppDelegate.m; sourceTree = "<group>"; };
		1D6058910D05DD3D006BFB54 /* ionic2_restaurant.app */ = {isa = PBXFileReference; explicitFileType = wrapper.application; includeInIndex = 0; path = "ionic2_restaurant.app"; sourceTree = BUILT_PRODUCTS_DIR; };
		29B97316FDCFA39411CA2CEA /* main.m */ = {isa = PBXFileReference; fileEncoding = 4; lastKnownFileType = sourcecode.c.objc; path = main.m; sourceTree = "<group>"; };
		301BF52D109A57CC0062928A /* CordovaLib.xcodeproj */ = {isa = PBXFileReference; lastKnownFileType = "wrapper.pb-project"; name = CordovaLib.xcodeproj; path = CordovaLib/CordovaLib.xcodeproj; sourceTree = "<group>"; };
		301BF56E109A69640062928A /* www */ = {isa = PBXFileReference; lastKnownFileType = folder; path = www; sourceTree = SOURCE_ROOT; };
		302D95EE14D2391D003F00A1 /* MainViewController.h */ = {isa = PBXFileReference; fileEncoding = 4; lastKnownFileType = sourcecode.c.h; path = MainViewController.h; sourceTree = "<group>"; };
		302D95EF14D2391D003F00A1 /* MainViewController.m */ = {isa = PBXFileReference; fileEncoding = 4; lastKnownFileType = sourcecode.c.objc; path = MainViewController.m; sourceTree = "<group>"; };
		302D95F014D2391D003F00A1 /* MainViewController.xib */ = {isa = PBXFileReference; fileEncoding = 4; lastKnownFileType = file.xib; path = MainViewController.xib; sourceTree = "<group>"; };
		3047A50F1AB8059700498E2A /* build-debug.xcconfig */ = {isa = PBXFileReference; fileEncoding = 4; lastKnownFileType = text.xcconfig; name = "build-debug.xcconfig"; path = cordova/build-debug.xcconfig; sourceTree = SOURCE_ROOT; };
		3047A5101AB8059700498E2A /* build-release.xcconfig */ = {isa = PBXFileReference; fileEncoding = 4; lastKnownFileType = text.xcconfig; name = "build-release.xcconfig"; path = cordova/build-release.xcconfig; sourceTree = SOURCE_ROOT; };
		3047A5111AB8059700498E2A /* build.xcconfig */ = {isa = PBXFileReference; fileEncoding = 4; lastKnownFileType = text.xcconfig; name = build.xcconfig; path = cordova/build.xcconfig; sourceTree = SOURCE_ROOT; };
		32CA4F630368D1EE00C91783 /* ionic2_restaurant-Prefix.pch */ = {isa = PBXFileReference; fileEncoding = 4; lastKnownFileType = sourcecode.c.h; path = "ionic2_restaurant-Prefix.pch"; sourceTree = "<group>"; };
		6AFF5BF81D6E424B00AB3073 /* CDVLaunchScreen.storyboard */ = {isa = PBXFileReference; fileEncoding = 4; lastKnownFileType = file.storyboard; name = CDVLaunchScreen.storyboard; path = "ionic2_restaurant/CDVLaunchScreen.storyboard"; sourceTree = SOURCE_ROOT; };
		8D1107310486CEB800E47090 /* ionic2_restaurant-Info.plist */ = {isa = PBXFileReference; fileEncoding = 4; lastKnownFileType = text.plist.xml; name = "ionic2_restaurant-Info.plist"; path = "ionic2_restaurant/ionic2_restaurant-Info.plist"; plistStructureDefinitionIdentifier = "com.apple.xcode.plist.structure-definition.iphone.info-plist"; sourceTree = SOURCE_ROOT; };
		EB87FDF31871DA8E0020F90C /* www */ = {isa = PBXFileReference; lastKnownFileType = folder; name = www; path = ../../www; sourceTree = "<group>"; };
		EB87FDF41871DAF40020F90C /* config.xml */ = {isa = PBXFileReference; lastKnownFileType = text.xml; name = config.xml; path = ../../config.xml; sourceTree = "<group>"; };
		F840E1F0165FE0F500CFE078 /* config.xml */ = {isa = PBXFileReference; lastKnownFileType = text.xml; name = config.xml; path = "ionic2_restaurant/config.xml"; sourceTree = "<group>"; };
		ED33DF2A687741AEAF9F8254 /* Bridging-Header.h */ = {isa = PBXFileReference; fileEncoding = 4; lastKnownFileType = sourcecode.c.h; name = "Bridging-Header.h"; path = "Bridging-Header.h"; sourceTree = "<group>"; };
		6DDF384E41FE41008D74ADC0 /* CDVLogger.m */ = {isa = PBXFileReference; name = "CDVLogger.m"; path = "cordova-plugin-console/CDVLogger.m"; sourceTree = "<group>"; fileEncoding = 4; lastKnownFileType = sourcecode.c.objc; explicitFileType = undefined; includeInIndex = 0; };
		620D4EC739FD4B438E3A8DC0 /* CDVLogger.h */ = {isa = PBXFileReference; name = "CDVLogger.h"; path = "cordova-plugin-console/CDVLogger.h"; sourceTree = "<group>"; fileEncoding = 4; lastKnownFileType = sourcecode.c.h; explicitFileType = undefined; includeInIndex = 0; };
		A3B4C1CE5CDD4E549309DFCC /* CDVDevice.m */ = {isa = PBXFileReference; name = "CDVDevice.m"; path = "cordova-plugin-device/CDVDevice.m"; sourceTree = "<group>"; fileEncoding = 4; lastKnownFileType = sourcecode.c.objc; explicitFileType = undefined; includeInIndex = 0; };
		41BF87A7F77C43798A1BEFF9 /* CDVDevice.h */ = {isa = PBXFileReference; name = "CDVDevice.h"; path = "cordova-plugin-device/CDVDevice.h"; sourceTree = "<group>"; fileEncoding = 4; lastKnownFileType = sourcecode.c.h; explicitFileType = undefined; includeInIndex = 0; };
		F85BF2203D794FBD924AC872 /* CDVSplashScreen.m */ = {isa = PBXFileReference; name = "CDVSplashScreen.m"; path = "cordova-plugin-splashscreen/CDVSplashScreen.m"; sourceTree = "<group>"; fileEncoding = 4; lastKnownFileType = sourcecode.c.objc; explicitFileType = undefined; includeInIndex = 0; };
		FFE3144DB9B4454D8B844A2D /* CDVViewController+SplashScreen.m */ = {isa = PBXFileReference; name = "CDVViewController+SplashScreen.m"; path = "cordova-plugin-splashscreen/CDVViewController+SplashScreen.m"; sourceTree = "<group>"; fileEncoding = 4; lastKnownFileType = sourcecode.c.objc; explicitFileType = undefined; includeInIndex = 0; };
		5CF7E845191C40BC93D5A330 /* CDVSplashScreen.h */ = {isa = PBXFileReference; name = "CDVSplashScreen.h"; path = "cordova-plugin-splashscreen/CDVSplashScreen.h"; sourceTree = "<group>"; fileEncoding = 4; lastKnownFileType = sourcecode.c.h; explicitFileType = undefined; includeInIndex = 0; };
		B3D13FAA4E85478EBF6273AC /* CDVViewController+SplashScreen.h */ = {isa = PBXFileReference; name = "CDVViewController+SplashScreen.h"; path = "cordova-plugin-splashscreen/CDVViewController+SplashScreen.h"; sourceTree = "<group>"; fileEncoding = 4; lastKnownFileType = sourcecode.c.h; explicitFileType = undefined; includeInIndex = 0; };
		2A575141EDC54EB0A9AC2F9A /* CDVStatusBar.m */ = {isa = PBXFileReference; name = "CDVStatusBar.m"; path = "cordova-plugin-statusbar/CDVStatusBar.m"; sourceTree = "<group>"; fileEncoding = 4; lastKnownFileType = sourcecode.c.objc; explicitFileType = undefined; includeInIndex = 0; };
		CEA216362B51422B82E42575 /* CDVStatusBar.h */ = {isa = PBXFileReference; name = "CDVStatusBar.h"; path = "cordova-plugin-statusbar/CDVStatusBar.h"; sourceTree = "<group>"; fileEncoding = 4; lastKnownFileType = sourcecode.c.h; explicitFileType = undefined; includeInIndex = 0; };
		08C831148EC443B289D2ED1B /* IonicKeyboard.m */ = {isa = PBXFileReference; name = "IonicKeyboard.m"; path = "ionic-plugin-keyboard/IonicKeyboard.m"; sourceTree = "<group>"; fileEncoding = 4; lastKnownFileType = sourcecode.c.objc; explicitFileType = undefined; includeInIndex = 0; };
		0222FD04B9E947AF84FB2E99 /* IonicKeyboard.h */ = {isa = PBXFileReference; name = "IonicKeyboard.h"; path = "ionic-plugin-keyboard/IonicKeyboard.h"; sourceTree = "<group>"; fileEncoding = 4; lastKnownFileType = sourcecode.c.h; explicitFileType = undefined; includeInIndex = 0; };
		3334721684E242B7B5E1BFF4 /* GooglePlus.m */ = {isa = PBXFileReference; name = "GooglePlus.m"; path = "cordova-plugin-googleplus/GooglePlus.m"; sourceTree = "<group>"; fileEncoding = 4; lastKnownFileType = sourcecode.c.objc; explicitFileType = undefined; includeInIndex = 0; };
		56BA762420A1471EA6552B24 /* GooglePlus.h */ = {isa = PBXFileReference; name = "GooglePlus.h"; path = "cordova-plugin-googleplus/GooglePlus.h"; sourceTree = "<group>"; fileEncoding = 4; lastKnownFileType = sourcecode.c.h; explicitFileType = undefined; includeInIndex = 0; };
		8D242B60C9DC4925BDD17FDD /* GoogleAppUtilities.framework */ = {isa = PBXFileReference; name = "GoogleAppUtilities.framework"; path = "ionic2_restaurant/Plugins/cordova-plugin-googleplus/GoogleAppUtilities.framework"; sourceTree = "<group>"; fileEncoding = undefined; lastKnownFileType = wrapper.framework; explicitFileType = undefined; includeInIndex = 0; };
		53CA1DBB3AAA4C47AC9F45F7 /* GoogleAuthUtilities.framework */ = {isa = PBXFileReference; name = "GoogleAuthUtilities.framework"; path = "ionic2_restaurant/Plugins/cordova-plugin-googleplus/GoogleAuthUtilities.framework"; sourceTree = "<group>"; fileEncoding = undefined; lastKnownFileType = wrapper.framework; explicitFileType = undefined; includeInIndex = 0; };
		669E9785544F45D2805D0342 /* GoogleNetworkingUtilities.framework */ = {isa = PBXFileReference; name = "GoogleNetworkingUtilities.framework"; path = "ionic2_restaurant/Plugins/cordova-plugin-googleplus/GoogleNetworkingUtilities.framework"; sourceTree = "<group>"; fileEncoding = undefined; lastKnownFileType = wrapper.framework; explicitFileType = undefined; includeInIndex = 0; };
		9F0D7B6F93EC443DB5EED96F /* GoogleSignIn.framework */ = {isa = PBXFileReference; name = "GoogleSignIn.framework"; path = "ionic2_restaurant/Plugins/cordova-plugin-googleplus/GoogleSignIn.framework"; sourceTree = "<group>"; fileEncoding = undefined; lastKnownFileType = wrapper.framework; explicitFileType = undefined; includeInIndex = 0; };
		04FA65A17924498088712BB3 /* GoogleSymbolUtilities.framework */ = {isa = PBXFileReference; name = "GoogleSymbolUtilities.framework"; path = "ionic2_restaurant/Plugins/cordova-plugin-googleplus/GoogleSymbolUtilities.framework"; sourceTree = "<group>"; fileEncoding = undefined; lastKnownFileType = wrapper.framework; explicitFileType = undefined; includeInIndex = 0; };
		D76D91795099447191FF7748 /* GoogleUtilities.framework */ = {isa = PBXFileReference; name = "GoogleUtilities.framework"; path = "ionic2_restaurant/Plugins/cordova-plugin-googleplus/GoogleUtilities.framework"; sourceTree = "<group>"; fileEncoding = undefined; lastKnownFileType = wrapper.framework; explicitFileType = undefined; includeInIndex = 0; };
		9260AD1F7F6B4B5CAC0C977E /* AddressBook.framework */ = {isa = PBXFileReference; name = "AddressBook.framework"; path = "System/Library/Frameworks/AddressBook.framework"; sourceTree = SDKROOT; fileEncoding = undefined; lastKnownFileType = wrapper.framework; explicitFileType = undefined; includeInIndex = 0; };
		312E3CE7A1C8412F8AF83197 /* CoreText.framework */ = {isa = PBXFileReference; name = "CoreText.framework"; path = "System/Library/Frameworks/CoreText.framework"; sourceTree = SDKROOT; fileEncoding = undefined; lastKnownFileType = wrapper.framework; explicitFileType = undefined; includeInIndex = 0; };
		C3C99AB07C894F2EBA5C0BCD /* SafariServices.framework */ = {isa = PBXFileReference; name = "SafariServices.framework"; path = "System/Library/Frameworks/SafariServices.framework"; sourceTree = SDKROOT; fileEncoding = undefined; lastKnownFileType = wrapper.framework; explicitFileType = undefined; includeInIndex = 0; };
		090C730C176D4EC1AD57D9CC /* Security.framework */ = {isa = PBXFileReference; name = "Security.framework"; path = "System/Library/Frameworks/Security.framework"; sourceTree = SDKROOT; fileEncoding = undefined; lastKnownFileType = wrapper.framework; explicitFileType = undefined; includeInIndex = 0; };
		EED088E26E1342BE9F42176F /* SystemConfiguration.framework */ = {isa = PBXFileReference; name = "SystemConfiguration.framework"; path = "System/Library/Frameworks/SystemConfiguration.framework"; sourceTree = SDKROOT; fileEncoding = undefined; lastKnownFileType = wrapper.framework; explicitFileType = undefined; includeInIndex = 0; };
		5A4A826BCB9D438F9418ABD8 /* libz.tbd */ = {isa = PBXFileReference; name = "libz.tbd"; path = "usr/lib/libz.tbd"; sourceTree = SDKROOT; fileEncoding = undefined; lastKnownFileType = sourcecode.text-based-dylib-definition; explicitFileType = undefined; includeInIndex = 0; };
		B8D8D250DB04486C8E5DE971 /* libz.dylib */ = {isa = PBXFileReference; name = "libz.dylib"; path = "usr/lib/libz.dylib"; sourceTree = SDKROOT; fileEncoding = undefined; lastKnownFileType = compiled.mach-o.dylib; explicitFileType = undefined; includeInIndex = 0; };
		7C9D1B922C714886859A6CED /* ionic2_restaurant.entitlements */ = {isa = PBXFileReference; lastKnownFileType = unknown; name = "ionic2_restaurant.entitlements"; path = "ionic2_restaurant.entitlements"; sourceTree = "<group>"; fileEncoding = 4; };
		A28E3DD27B2443C9B42F6DF1 /* FacebookConnectPlugin.m */ = {isa = PBXFileReference; name = "FacebookConnectPlugin.m"; path = "cordova-plugin-facebook4/FacebookConnectPlugin.m"; sourceTree = "<group>"; fileEncoding = 4; lastKnownFileType = sourcecode.c.objc; explicitFileType = undefined; includeInIndex = 0; };
		A84727C7D9E54A318CF1B4A9 /* FacebookConnectPlugin.h */ = {isa = PBXFileReference; name = "FacebookConnectPlugin.h"; path = "cordova-plugin-facebook4/FacebookConnectPlugin.h"; sourceTree = "<group>"; fileEncoding = 4; lastKnownFileType = sourcecode.c.h; explicitFileType = undefined; includeInIndex = 0; };
		D853AEADBD2B4ECE9A2F4DFC /* Bolts.framework */ = {isa = PBXFileReference; name = "Bolts.framework"; path = "ionic2_restaurant/Plugins/cordova-plugin-facebook4/Bolts.framework"; sourceTree = "<group>"; fileEncoding = undefined; lastKnownFileType = wrapper.framework; explicitFileType = undefined; includeInIndex = 0; };
		5CB0C911B5324F43B959EA42 /* FBSDKCoreKit.framework */ = {isa = PBXFileReference; name = "FBSDKCoreKit.framework"; path = "ionic2_restaurant/Plugins/cordova-plugin-facebook4/FBSDKCoreKit.framework"; sourceTree = "<group>"; fileEncoding = undefined; lastKnownFileType = wrapper.framework; explicitFileType = undefined; includeInIndex = 0; };
		033BB92E520B493F86D9FA0D /* FBSDKLoginKit.framework */ = {isa = PBXFileReference; name = "FBSDKLoginKit.framework"; path = "ionic2_restaurant/Plugins/cordova-plugin-facebook4/FBSDKLoginKit.framework"; sourceTree = "<group>"; fileEncoding = undefined; lastKnownFileType = wrapper.framework; explicitFileType = undefined; includeInIndex = 0; };
		0EEEB51FF08F4F9DAD34B1E9 /* FBSDKShareKit.framework */ = {isa = PBXFileReference; name = "FBSDKShareKit.framework"; path = "ionic2_restaurant/Plugins/cordova-plugin-facebook4/FBSDKShareKit.framework"; sourceTree = "<group>"; fileEncoding = undefined; lastKnownFileType = wrapper.framework; explicitFileType = undefined; includeInIndex = 0; };
/* End PBXFileReference section */

/* Begin PBXFrameworksBuildPhase section */
		1D60588F0D05DD3D006BFB54 /* Frameworks */ = {
			isa = PBXFrameworksBuildPhase;
			buildActionMask = 2147483647;
			files = (
				301BF552109A68D80062928A /* libCordova.a in Frameworks */,
				638E17D4B6BD4C05938BE17D /* GoogleAppUtilities.framework in Frameworks */,
				860B014F53F34A8FA1201239 /* GoogleAuthUtilities.framework in Frameworks */,
				DB9C7EBCFFA84824A827CF0B /* GoogleNetworkingUtilities.framework in Frameworks */,
				5C18C9D57C2E4A978C2085F8 /* GoogleSignIn.framework in Frameworks */,
				736EA276E46B4369A4434AE6 /* GoogleSymbolUtilities.framework in Frameworks */,
				4F5AA0F9C3D24216BEF715C5 /* GoogleUtilities.framework in Frameworks */,
				55DC6E66B9584FFCA59A5CFA /* AddressBook.framework in Frameworks */,
				FAD8FF920108477ABF677E3A /* CoreText.framework in Frameworks */,
				01ABD35790F74AC98BD79CD6 /* SafariServices.framework in Frameworks */,
				A51F625BE6164FDD86FA048F /* Security.framework in Frameworks */,
				DCE3BDE34B234AABB7708FA5 /* SystemConfiguration.framework in Frameworks */,
				9D152ACA1B814763B7908FEA /* libz.tbd in Frameworks */,
				3A98B991CCA54F4593502186 /* libz.dylib in Frameworks */,
				519D8A779FFE4D2BBC7B6F72 /* Bolts.framework in Frameworks */,
				FCF6C30035C74119B011E276 /* FBSDKCoreKit.framework in Frameworks */,
				9EC2119B6B284FFDADA56E78 /* FBSDKLoginKit.framework in Frameworks */,
				D4F8AC0CEBA74C308B0C17B8 /* FBSDKShareKit.framework in Frameworks */,
			);
			runOnlyForDeploymentPostprocessing = 0;
		};
/* End PBXFrameworksBuildPhase section */

/* Begin PBXGroup section */
		080E96DDFE201D6D7F000001 /* Classes */ = {
			isa = PBXGroup;
			children = (
				302D95EE14D2391D003F00A1 /* MainViewController.h */,
				302D95EF14D2391D003F00A1 /* MainViewController.m */,
				302D95F014D2391D003F00A1 /* MainViewController.xib */,
				1D3623240D0F684500981E51 /* AppDelegate.h */,
				1D3623250D0F684500981E51 /* AppDelegate.m */,
			);
			name = Classes;
			path = "ionic2_restaurant/Classes";
			sourceTree = SOURCE_ROOT;
		};
		19C28FACFE9D520D11CA2CBB /* Products */ = {
			isa = PBXGroup;
			children = (
				1D6058910D05DD3D006BFB54 /* ionic2_restaurant.app */,
			);
			name = Products;
			sourceTree = "<group>";
		};
		29B97314FDCFA39411CA2CEA /* CustomTemplate */ = {
			isa = PBXGroup;
			children = (
				EB87FDF41871DAF40020F90C /* config.xml */,
				EB87FDF31871DA8E0020F90C /* www */,
				EB87FDF11871DA420020F90C /* Staging */,
				301BF52D109A57CC0062928A /* CordovaLib.xcodeproj */,
				080E96DDFE201D6D7F000001 /* Classes */,
				307C750510C5A3420062BCA9 /* Plugins */,
				29B97315FDCFA39411CA2CEA /* Other Sources */,
				29B97317FDCFA39411CA2CEA /* Resources */,
				29B97323FDCFA39411CA2CEA /* Frameworks */,
				19C28FACFE9D520D11CA2CBB /* Products */,
			);
			name = CustomTemplate;
			sourceTree = "<group>";
		};
		29B97315FDCFA39411CA2CEA /* Other Sources */ = {
			isa = PBXGroup;
			children = (
				32CA4F630368D1EE00C91783 /* ionic2_restaurant-Prefix.pch */,
				29B97316FDCFA39411CA2CEA /* main.m */,
				ED33DF2A687741AEAF9F8254 /* Bridging-Header.h */,
			);
			name = "Other Sources";
			path = "ionic2_restaurant";
			sourceTree = "<group>";
		};
		29B97317FDCFA39411CA2CEA /* Resources */ = {
			isa = PBXGroup;
			children = (
				0207DA571B56EA530066E2B4 /* Images.xcassets */,
				3047A50E1AB8057F00498E2A /* config */,
				8D1107310486CEB800E47090 /* ionic2_restaurant-Info.plist */,
				6AFF5BF81D6E424B00AB3073 /* CDVLaunchScreen.storyboard */,
				7C9D1B922C714886859A6CED /* ionic2_restaurant.entitlements */,
			);
			name = Resources;
			path = "ionic2_restaurant/Resources";
			sourceTree = "<group>";
		};
		29B97323FDCFA39411CA2CEA /* Frameworks */ = {
			isa = PBXGroup;
			children = (
				8D242B60C9DC4925BDD17FDD /* GoogleAppUtilities.framework */,
				53CA1DBB3AAA4C47AC9F45F7 /* GoogleAuthUtilities.framework */,
				669E9785544F45D2805D0342 /* GoogleNetworkingUtilities.framework */,
				9F0D7B6F93EC443DB5EED96F /* GoogleSignIn.framework */,
				04FA65A17924498088712BB3 /* GoogleSymbolUtilities.framework */,
				D76D91795099447191FF7748 /* GoogleUtilities.framework */,
				9260AD1F7F6B4B5CAC0C977E /* AddressBook.framework */,
				312E3CE7A1C8412F8AF83197 /* CoreText.framework */,
				C3C99AB07C894F2EBA5C0BCD /* SafariServices.framework */,
				090C730C176D4EC1AD57D9CC /* Security.framework */,
				EED088E26E1342BE9F42176F /* SystemConfiguration.framework */,
				5A4A826BCB9D438F9418ABD8 /* libz.tbd */,
				B8D8D250DB04486C8E5DE971 /* libz.dylib */,
				D853AEADBD2B4ECE9A2F4DFC /* Bolts.framework */,
				5CB0C911B5324F43B959EA42 /* FBSDKCoreKit.framework */,
				033BB92E520B493F86D9FA0D /* FBSDKLoginKit.framework */,
				0EEEB51FF08F4F9DAD34B1E9 /* FBSDKShareKit.framework */,
			);
			name = Frameworks;
			sourceTree = "<group>";
		};
		301BF52E109A57CC0062928A /* Products */ = {
			isa = PBXGroup;
			children = (
				301BF535109A57CC0062928A /* libCordova.a */,
			);
			name = Products;
			sourceTree = "<group>";
		};
		3047A50E1AB8057F00498E2A /* config */ = {
			isa = PBXGroup;
			children = (
				3047A50F1AB8059700498E2A /* build-debug.xcconfig */,
				3047A5101AB8059700498E2A /* build-release.xcconfig */,
				3047A5111AB8059700498E2A /* build.xcconfig */,
			);
			name = config;
			sourceTree = "<group>";
		};
		307C750510C5A3420062BCA9 /* Plugins */ = {
			isa = PBXGroup;
			children = (
				6DDF384E41FE41008D74ADC0 /* CDVLogger.m */,
				620D4EC739FD4B438E3A8DC0 /* CDVLogger.h */,
				A3B4C1CE5CDD4E549309DFCC /* CDVDevice.m */,
				41BF87A7F77C43798A1BEFF9 /* CDVDevice.h */,
				F85BF2203D794FBD924AC872 /* CDVSplashScreen.m */,
				FFE3144DB9B4454D8B844A2D /* CDVViewController+SplashScreen.m */,
				5CF7E845191C40BC93D5A330 /* CDVSplashScreen.h */,
				B3D13FAA4E85478EBF6273AC /* CDVViewController+SplashScreen.h */,
				2A575141EDC54EB0A9AC2F9A /* CDVStatusBar.m */,
				CEA216362B51422B82E42575 /* CDVStatusBar.h */,
				08C831148EC443B289D2ED1B /* IonicKeyboard.m */,
				0222FD04B9E947AF84FB2E99 /* IonicKeyboard.h */,
				3334721684E242B7B5E1BFF4 /* GooglePlus.m */,
				56BA762420A1471EA6552B24 /* GooglePlus.h */,
				A28E3DD27B2443C9B42F6DF1 /* FacebookConnectPlugin.m */,
				A84727C7D9E54A318CF1B4A9 /* FacebookConnectPlugin.h */,
			);
			name = Plugins;
			path = "ionic2_restaurant/Plugins";
			sourceTree = SOURCE_ROOT;
		};
		EB87FDF11871DA420020F90C /* Staging */ = {
			isa = PBXGroup;
			children = (
				F840E1F0165FE0F500CFE078 /* config.xml */,
				301BF56E109A69640062928A /* www */,
			);
			name = Staging;
			sourceTree = "<group>";
		};
/* End PBXGroup section */

/* Begin PBXNativeTarget section */
		1D6058900D05DD3D006BFB54 /* ionic2_restaurant */ = {
			isa = PBXNativeTarget;
			buildConfigurationList = 1D6058960D05DD3E006BFB54 /* Build configuration list for PBXNativeTarget "ionic2_restaurant" */;
			buildPhases = (
				304B58A110DAC018002A0835 /* Copy www directory */,
				1D60588D0D05DD3D006BFB54 /* Resources */,
				1D60588E0D05DD3D006BFB54 /* Sources */,
				1D60588F0D05DD3D006BFB54 /* Frameworks */,
			);
			buildRules = (
			);
			dependencies = (
				301BF551109A68C00062928A /* PBXTargetDependency */,
			);
			name = "ionic2_restaurant";
			productName = "ionic2_restaurant";
			productReference = 1D6058910D05DD3D006BFB54 /* ionic2_restaurant.app */;
			productType = "com.apple.product-type.application";
		};
/* End PBXNativeTarget section */

/* Begin PBXProject section */
		29B97313FDCFA39411CA2CEA /* Project object */ = {
			isa = PBXProject;
			attributes = {
				LastUpgradeCheck = 510;
			};
			buildConfigurationList = C01FCF4E08A954540054247B /* Build configuration list for PBXProject "__NON-CLI__" */;
			compatibilityVersion = "Xcode 3.2";
			developmentRegion = English;
			hasScannedForEncodings = 1;
			mainGroup = 29B97314FDCFA39411CA2CEA /* CustomTemplate */;
			projectDirPath = "";
			projectReferences = (
				{
					ProductGroup = 301BF52E109A57CC0062928A /* Products */;
					ProjectRef = 301BF52D109A57CC0062928A /* CordovaLib.xcodeproj */;
				},
			);
			projectRoot = "";
			targets = (
				1D6058900D05DD3D006BFB54 /* ionic2_restaurant */,
			);
		};
/* End PBXProject section */

/* Begin PBXReferenceProxy section */
		301BF535109A57CC0062928A /* libCordova.a */ = {
			isa = PBXReferenceProxy;
			fileType = archive.ar;
			path = libCordova.a;
			remoteRef = 301BF534109A57CC0062928A /* PBXContainerItemProxy */;
			sourceTree = BUILT_PRODUCTS_DIR;
		};
/* End PBXReferenceProxy section */

/* Begin PBXResourcesBuildPhase section */
		1D60588D0D05DD3D006BFB54 /* Resources */ = {
			isa = PBXResourcesBuildPhase;
			buildActionMask = 2147483647;
			files = (
				302D95F214D2391D003F00A1 /* MainViewController.xib in Resources */,
				0207DA581B56EA530066E2B4 /* Images.xcassets in Resources */,
				6AFF5BF91D6E424B00AB3073 /* CDVLaunchScreen.storyboard in Resources */,
				C8C7A5E493004F2D8303D321 /* ionic2_restaurant.entitlements in Resources */,
			);
			runOnlyForDeploymentPostprocessing = 0;
		};
/* End PBXResourcesBuildPhase section */

/* Begin PBXShellScriptBuildPhase section */
		304B58A110DAC018002A0835 /* Copy www directory */ = {
			isa = PBXShellScriptBuildPhase;
			buildActionMask = 2147483647;
			files = (
			);
			inputPaths = (
			);
			name = "Copy www directory";
			outputPaths = (
			);
			runOnlyForDeploymentPostprocessing = 0;
			shellPath = /bin/sh;
			shellScript = "NODEJS_PATH=/usr/local/bin; NVM_NODE_PATH=~/.nvm/versions/node/`nvm version 2>/dev/null`/bin; N_NODE_PATH=`find /usr/local/n/versions/node/* -maxdepth 0 -type d 2>/dev/null | tail -1`/bin; XCODE_NODE_PATH=`xcode-select --print-path`/usr/share/xcs/Node/bin; PATH=$NODEJS_PATH:$NVM_NODE_PATH:$N_NODE_PATH:$XCODE_NODE_PATH:$PATH && node cordova/lib/copy-www-build-step.js";
			showEnvVarsInLog = 0;
		};
/* End PBXShellScriptBuildPhase section */

/* Begin PBXSourcesBuildPhase section */
		1D60588E0D05DD3D006BFB54 /* Sources */ = {
			isa = PBXSourcesBuildPhase;
			buildActionMask = 2147483647;
			files = (
				1D60589B0D05DD56006BFB54 /* main.m in Sources */,
				1D3623260D0F684500981E51 /* AppDelegate.m in Sources */,
				302D95F114D2391D003F00A1 /* MainViewController.m in Sources */,
				65A1A05F9E84423184C40490 /* CDVLogger.m in Sources */,
				DB86F4909D1A454DB9863CFF /* CDVDevice.m in Sources */,
				7E55272DEA7B4792BA397248 /* CDVSplashScreen.m in Sources */,
				C309D22984514674B91655CE /* CDVViewController+SplashScreen.m in Sources */,
				CDF90B44025C4FA69CDF2F10 /* CDVStatusBar.m in Sources */,
				8797883ED22F43D389DFB6FD /* IonicKeyboard.m in Sources */,
				21DCBD352C1240409C2D6CA8 /* GooglePlus.m in Sources */,
				39BEFD466AED4BDFBA0197FA /* FacebookConnectPlugin.m in Sources */,
			);
			runOnlyForDeploymentPostprocessing = 0;
		};
/* End PBXSourcesBuildPhase section */

/* Begin PBXTargetDependency section */
		301BF551109A68C00062928A /* PBXTargetDependency */ = {
			isa = PBXTargetDependency;
			name = CordovaLib;
			targetProxy = 301BF550109A68C00062928A /* PBXContainerItemProxy */;
		};
/* End PBXTargetDependency section */

/* Begin XCBuildConfiguration section */
		1D6058940D05DD3E006BFB54 /* Debug */ = {
			isa = XCBuildConfiguration;
			baseConfigurationReference = 3047A50F1AB8059700498E2A /* build-debug.xcconfig */;
			buildSettings = {
				ALWAYS_SEARCH_USER_PATHS = NO;
				ASSETCATALOG_COMPILER_APPICON_NAME = AppIcon;
				ASSETCATALOG_COMPILER_LAUNCHIMAGE_NAME = LaunchImage;
				CLANG_ENABLE_MODULES = YES;
				CLANG_ENABLE_OBJC_ARC = YES;
				COPY_PHASE_STRIP = NO;
				GCC_DYNAMIC_NO_PIC = NO;
				GCC_OPTIMIZATION_LEVEL = 0;
				GCC_PRECOMPILE_PREFIX_HEADER = YES;
				GCC_PREFIX_HEADER = "ionic2_restaurant/ionic2_restaurant-Prefix.pch";
				GCC_THUMB_SUPPORT = NO;
				GCC_VERSION = "";
				INFOPLIST_FILE = "ionic2_restaurant/ionic2_restaurant-Info.plist";
				LD_RUNPATH_SEARCH_PATHS = "@executable_path/Frameworks";
				PRODUCT_NAME = "ionic2_restaurant";
				FRAMEWORK_SEARCH_PATHS = (
					"$(inherited)",
					"\"ionic2_restaurant/Plugins/cordova-plugin-googleplus\"",
					"\"ionic2_restaurant/Plugins/cordova-plugin-googleplus\"",
					"\"ionic2_restaurant/Plugins/cordova-plugin-googleplus\"",
					"\"ionic2_restaurant/Plugins/cordova-plugin-googleplus\"",
					"\"ionic2_restaurant/Plugins/cordova-plugin-googleplus\"",
					"\"ionic2_restaurant/Plugins/cordova-plugin-googleplus\"",
					"\"ionic2_restaurant/Plugins/cordova-plugin-facebook4\"",
					"\"ionic2_restaurant/Plugins/cordova-plugin-facebook4\"",
					"\"ionic2_restaurant/Plugins/cordova-plugin-facebook4\"",
					"\"ionic2_restaurant/Plugins/cordova-plugin-facebook4\"",
				);
				CODE_SIGN_ENTITLEMENTS = "ionic2_restaurant/Resources/ionic2_restaurant.entitlements";
			};
			name = Debug;
		};
		1D6058950D05DD3E006BFB54 /* Release */ = {
			isa = XCBuildConfiguration;
			baseConfigurationReference = 3047A5101AB8059700498E2A /* build-release.xcconfig */;
			buildSettings = {
				ALWAYS_SEARCH_USER_PATHS = NO;
				ASSETCATALOG_COMPILER_APPICON_NAME = AppIcon;
				ASSETCATALOG_COMPILER_LAUNCHIMAGE_NAME = LaunchImage;
				CLANG_ENABLE_MODULES = YES;
				CLANG_ENABLE_OBJC_ARC = YES;
				COPY_PHASE_STRIP = YES;
				GCC_PRECOMPILE_PREFIX_HEADER = YES;
				GCC_PREFIX_HEADER = "ionic2_restaurant/ionic2_restaurant-Prefix.pch";
				GCC_THUMB_SUPPORT = NO;
				GCC_VERSION = "";
				INFOPLIST_FILE = "ionic2_restaurant/ionic2_restaurant-Info.plist";
				LD_RUNPATH_SEARCH_PATHS = "@executable_path/Frameworks";
				PRODUCT_NAME = "ionic2_restaurant";
				FRAMEWORK_SEARCH_PATHS = (
					"$(inherited)",
					"\"ionic2_restaurant/Plugins/cordova-plugin-googleplus\"",
					"\"ionic2_restaurant/Plugins/cordova-plugin-googleplus\"",
					"\"ionic2_restaurant/Plugins/cordova-plugin-googleplus\"",
					"\"ionic2_restaurant/Plugins/cordova-plugin-googleplus\"",
					"\"ionic2_restaurant/Plugins/cordova-plugin-googleplus\"",
					"\"ionic2_restaurant/Plugins/cordova-plugin-googleplus\"",
					"\"ionic2_restaurant/Plugins/cordova-plugin-facebook4\"",
					"\"ionic2_restaurant/Plugins/cordova-plugin-facebook4\"",
					"\"ionic2_restaurant/Plugins/cordova-plugin-facebook4\"",
					"\"ionic2_restaurant/Plugins/cordova-plugin-facebook4\"",
				);
				CODE_SIGN_ENTITLEMENTS = "ionic2_restaurant/Resources/ionic2_restaurant.entitlements";
			};
			name = Release;
		};
		C01FCF4F08A954540054247B /* Debug */ = {
			isa = XCBuildConfiguration;
			baseConfigurationReference = 3047A5111AB8059700498E2A /* build.xcconfig */;
			buildSettings = {
				CLANG_ENABLE_MODULES = YES;
				CLANG_ENABLE_OBJC_ARC = YES;
				CLANG_WARN_BOOL_CONVERSION = YES;
				CLANG_WARN_CONSTANT_CONVERSION = YES;
				CLANG_WARN_EMPTY_BODY = YES;
				CLANG_WARN_ENUM_CONVERSION = YES;
				CLANG_WARN_INT_CONVERSION = YES;
				CLANG_WARN__DUPLICATE_METHOD_MATCH = YES;
				GCC_C_LANGUAGE_STANDARD = c99;
				GCC_THUMB_SUPPORT = NO;
				GCC_VERSION = "";
				GCC_WARN_ABOUT_RETURN_TYPE = YES;
				GCC_WARN_UNDECLARED_SELECTOR = YES;
				GCC_WARN_UNINITIALIZED_AUTOS = YES;
				GCC_WARN_UNUSED_FUNCTION = YES;
				GCC_WARN_UNUSED_VARIABLE = YES;
				ONLY_ACTIVE_ARCH = YES;
				SDKROOT = iphoneos;
				SKIP_INSTALL = NO;
				CODE_SIGN_ENTITLEMENTS = "ionic2_restaurant/Resources/ionic2_restaurant.entitlements";
			};
			name = Debug;
		};
		C01FCF5008A954540054247B /* Release */ = {
			isa = XCBuildConfiguration;
			baseConfigurationReference = 3047A5111AB8059700498E2A /* build.xcconfig */;
			buildSettings = {
				CLANG_ENABLE_MODULES = YES;
				CLANG_ENABLE_OBJC_ARC = YES;
				CLANG_WARN_BOOL_CONVERSION = YES;
				CLANG_WARN_CONSTANT_CONVERSION = YES;
				CLANG_WARN_EMPTY_BODY = YES;
				CLANG_WARN_ENUM_CONVERSION = YES;
				CLANG_WARN_INT_CONVERSION = YES;
				CLANG_WARN__DUPLICATE_METHOD_MATCH = YES;
				GCC_C_LANGUAGE_STANDARD = c99;
				GCC_THUMB_SUPPORT = NO;
				GCC_VERSION = "";
				GCC_WARN_ABOUT_RETURN_TYPE = YES;
				GCC_WARN_UNDECLARED_SELECTOR = YES;
				GCC_WARN_UNINITIALIZED_AUTOS = YES;
				GCC_WARN_UNUSED_FUNCTION = YES;
				GCC_WARN_UNUSED_VARIABLE = YES;
				SDKROOT = iphoneos;
				SKIP_INSTALL = NO;
				CODE_SIGN_ENTITLEMENTS = "ionic2_restaurant/Resources/ionic2_restaurant.entitlements";
			};
			name = Release;
		};
/* End XCBuildConfiguration section */

/* Begin XCConfigurationList section */
		1D6058960D05DD3E006BFB54 /* Build configuration list for PBXNativeTarget "ionic2_restaurant" */ = {
			isa = XCConfigurationList;
			buildConfigurations = (
				1D6058940D05DD3E006BFB54 /* Debug */,
				1D6058950D05DD3E006BFB54 /* Release */,
			);
			defaultConfigurationIsVisible = 0;
			defaultConfigurationName = Release;
		};
		C01FCF4E08A954540054247B /* Build configuration list for PBXProject "__NON-CLI__" */ = {
			isa = XCConfigurationList;
			buildConfigurations = (
				C01FCF4F08A954540054247B /* Debug */,
				C01FCF5008A954540054247B /* Release */,
			);
			defaultConfigurationIsVisible = 0;
			defaultConfigurationName = Release;
		};
/* End XCConfigurationList section */
	};
	rootObject = 29B97313FDCFA39411CA2CEA /* Project object */;
}
